// !$*UTF8*$!
{
	archiveVersion = 1;
	classes = {
	};
	objectVersion = 51;
	objects = {

/* Begin PBXBuildFile section */
		01CBF510271621A50038B1BD /* AppDelegate.swift in Sources */ = {isa = PBXBuildFile; fileRef = 01CBF50F271621A50038B1BD /* AppDelegate.swift */; };
		01CBF512271621A50038B1BD /* SceneDelegate.swift in Sources */ = {isa = PBXBuildFile; fileRef = 01CBF511271621A50038B1BD /* SceneDelegate.swift */; };
		01CBF514271621A50038B1BD /* ViewController.swift in Sources */ = {isa = PBXBuildFile; fileRef = 01CBF513271621A50038B1BD /* ViewController.swift */; };
		01CBF517271621A50038B1BD /* Main.storyboard in Resources */ = {isa = PBXBuildFile; fileRef = 01CBF515271621A50038B1BD /* Main.storyboard */; };
		01CBF519271621A80038B1BD /* Assets.xcassets in Resources */ = {isa = PBXBuildFile; fileRef = 01CBF518271621A80038B1BD /* Assets.xcassets */; };
		01CBF51C271621A80038B1BD /* LaunchScreen.storyboard in Resources */ = {isa = PBXBuildFile; fileRef = 01CBF51A271621A80038B1BD /* LaunchScreen.storyboard */; };
		01EDD04A271764FD00F41894 /* Food.swift in Sources */ = {isa = PBXBuildFile; fileRef = 01EDD049271764FD00F41894 /* Food.swift */; };
		01EDD04E271766DA00F41894 /* FoodTableViewCell.swift in Sources */ = {isa = PBXBuildFile; fileRef = 01EDD04C271766DA00F41894 /* FoodTableViewCell.swift */; };
		01EDD04F271766DA00F41894 /* FoodTableViewCell.xib in Resources */ = {isa = PBXBuildFile; fileRef = 01EDD04D271766DA00F41894 /* FoodTableViewCell.xib */; };
		01EDD05127176BBD00F41894 /* FoodDetailsVC.swift in Sources */ = {isa = PBXBuildFile; fileRef = 01EDD05027176BBD00F41894 /* FoodDetailsVC.swift */; };
		14A0199F04201B26F22703C5 /* Pods_LearningRxSwift.framework in Frameworks */ = {isa = PBXBuildFile; fileRef = 6FC3FC4F7AF6FBDF31602358 /* Pods_LearningRxSwift.framework */; };
/* End PBXBuildFile section */

/* Begin PBXFileReference section */
		01CBF50C271621A50038B1BD /* LearningRxSwift.app */ = {isa = PBXFileReference; explicitFileType = wrapper.application; includeInIndex = 0; path = LearningRxSwift.app; sourceTree = BUILT_PRODUCTS_DIR; };
		01CBF50F271621A50038B1BD /* AppDelegate.swift */ = {isa = PBXFileReference; lastKnownFileType = sourcecode.swift; path = AppDelegate.swift; sourceTree = "<group>"; };
		01CBF511271621A50038B1BD /* SceneDelegate.swift */ = {isa = PBXFileReference; lastKnownFileType = sourcecode.swift; path = SceneDelegate.swift; sourceTree = "<group>"; };
		01CBF513271621A50038B1BD /* ViewController.swift */ = {isa = PBXFileReference; lastKnownFileType = sourcecode.swift; path = ViewController.swift; sourceTree = "<group>"; };
		01CBF516271621A50038B1BD /* Base */ = {isa = PBXFileReference; lastKnownFileType = file.storyboard; name = Base; path = Base.lproj/Main.storyboard; sourceTree = "<group>"; };
		01CBF518271621A80038B1BD /* Assets.xcassets */ = {isa = PBXFileReference; lastKnownFileType = folder.assetcatalog; path = Assets.xcassets; sourceTree = "<group>"; };
		01CBF51B271621A80038B1BD /* Base */ = {isa = PBXFileReference; lastKnownFileType = file.storyboard; name = Base; path = Base.lproj/LaunchScreen.storyboard; sourceTree = "<group>"; };
		01CBF51D271621A80038B1BD /* Info.plist */ = {isa = PBXFileReference; lastKnownFileType = text.plist.xml; path = Info.plist; sourceTree = "<group>"; };
		01EDD049271764FD00F41894 /* Food.swift */ = {isa = PBXFileReference; lastKnownFileType = sourcecode.swift; path = Food.swift; sourceTree = "<group>"; };
		01EDD04C271766DA00F41894 /* FoodTableViewCell.swift */ = {isa = PBXFileReference; lastKnownFileType = sourcecode.swift; path = FoodTableViewCell.swift; sourceTree = "<group>"; };
		01EDD04D271766DA00F41894 /* FoodTableViewCell.xib */ = {isa = PBXFileReference; lastKnownFileType = file.xib; path = FoodTableViewCell.xib; sourceTree = "<group>"; };
		01EDD05027176BBD00F41894 /* FoodDetailsVC.swift */ = {isa = PBXFileReference; lastKnownFileType = sourcecode.swift; path = FoodDetailsVC.swift; sourceTree = "<group>"; };
		01EDD052271773E200F41894 /* MyPlayground.playground */ = {isa = PBXFileReference; lastKnownFileType = file.playground; path = MyPlayground.playground; sourceTree = "<group>"; xcLanguageSpecificationIdentifier = xcode.lang.swift; };
		08D2DC8E053E8E77520BAB9F /* Pods-LearningRxSwift.debug.xcconfig */ = {isa = PBXFileReference; includeInIndex = 1; lastKnownFileType = text.xcconfig; name = "Pods-LearningRxSwift.debug.xcconfig"; path = "Target Support Files/Pods-LearningRxSwift/Pods-LearningRxSwift.debug.xcconfig"; sourceTree = "<group>"; };
		27551034F1E3017F08B5CA03 /* Pods-LearningRxSwift.release.xcconfig */ = {isa = PBXFileReference; includeInIndex = 1; lastKnownFileType = text.xcconfig; name = "Pods-LearningRxSwift.release.xcconfig"; path = "Target Support Files/Pods-LearningRxSwift/Pods-LearningRxSwift.release.xcconfig"; sourceTree = "<group>"; };
		6FC3FC4F7AF6FBDF31602358 /* Pods_LearningRxSwift.framework */ = {isa = PBXFileReference; explicitFileType = wrapper.framework; includeInIndex = 0; path = Pods_LearningRxSwift.framework; sourceTree = BUILT_PRODUCTS_DIR; };
/* End PBXFileReference section */

/* Begin PBXFrameworksBuildPhase section */
		01CBF509271621A50038B1BD /* Frameworks */ = {
			isa = PBXFrameworksBuildPhase;
			buildActionMask = 2147483647;
			files = (
				14A0199F04201B26F22703C5 /* Pods_LearningRxSwift.framework in Frameworks */,
			);
			runOnlyForDeploymentPostprocessing = 0;
		};
/* End PBXFrameworksBuildPhase section */

/* Begin PBXGroup section */
		01CBF503271621A50038B1BD = {
			isa = PBXGroup;
			children = (
				01CBF50E271621A50038B1BD /* LearningRxSwift */,
				01CBF50D271621A50038B1BD /* Products */,
				09388F8D23454A199376E955 /* Pods */,
				EE033A27D60E99EF42FCBAFF /* Frameworks */,
			);
			sourceTree = "<group>";
		};
		01CBF50D271621A50038B1BD /* Products */ = {
			isa = PBXGroup;
			children = (
				01CBF50C271621A50038B1BD /* LearningRxSwift.app */,
			);
			name = Products;
			sourceTree = "<group>";
		};
		01CBF50E271621A50038B1BD /* LearningRxSwift */ = {
			isa = PBXGroup;
			children = (
				01EDD052271773E200F41894 /* MyPlayground.playground */,
				01EDD04B271766AF00F41894 /* View */,
				01EDD048271764E200F41894 /* Model */,
				01CBF50F271621A50038B1BD /* AppDelegate.swift */,
				01CBF511271621A50038B1BD /* SceneDelegate.swift */,
				01CBF513271621A50038B1BD /* ViewController.swift */,
				01EDD05027176BBD00F41894 /* FoodDetailsVC.swift */,
				01CBF515271621A50038B1BD /* Main.storyboard */,
				01CBF518271621A80038B1BD /* Assets.xcassets */,
				01CBF51A271621A80038B1BD /* LaunchScreen.storyboard */,
				01CBF51D271621A80038B1BD /* Info.plist */,
			);
			path = LearningRxSwift;
			sourceTree = "<group>";
		};
		01EDD048271764E200F41894 /* Model */ = {
			isa = PBXGroup;
			children = (
				01EDD049271764FD00F41894 /* Food.swift */,
			);
			path = Model;
			sourceTree = "<group>";
		};
		01EDD04B271766AF00F41894 /* View */ = {
			isa = PBXGroup;
			children = (
				01EDD04C271766DA00F41894 /* FoodTableViewCell.swift */,
				01EDD04D271766DA00F41894 /* FoodTableViewCell.xib */,
			);
			path = View;
			sourceTree = "<group>";
		};
		09388F8D23454A199376E955 /* Pods */ = {
			isa = PBXGroup;
			children = (
				08D2DC8E053E8E77520BAB9F /* Pods-LearningRxSwift.debug.xcconfig */,
				27551034F1E3017F08B5CA03 /* Pods-LearningRxSwift.release.xcconfig */,
			);
			path = Pods;
			sourceTree = "<group>";
		};
		EE033A27D60E99EF42FCBAFF /* Frameworks */ = {
			isa = PBXGroup;
			children = (
				6FC3FC4F7AF6FBDF31602358 /* Pods_LearningRxSwift.framework */,
			);
			name = Frameworks;
			sourceTree = "<group>";
		};
/* End PBXGroup section */

/* Begin PBXNativeTarget section */
		01CBF50B271621A50038B1BD /* LearningRxSwift */ = {
			isa = PBXNativeTarget;
			buildConfigurationList = 01CBF520271621A80038B1BD /* Build configuration list for PBXNativeTarget "LearningRxSwift" */;
			buildPhases = (
				B7AD23887C67FAB793053904 /* [CP] Check Pods Manifest.lock */,
				01CBF508271621A50038B1BD /* Sources */,
				01CBF509271621A50038B1BD /* Frameworks */,
				01CBF50A271621A50038B1BD /* Resources */,
				735248F84D3EB866BECB4A5D /* [CP] Embed Pods Frameworks */,
			);
			buildRules = (
			);
			dependencies = (
			);
			name = LearningRxSwift;
			productName = LearningRxSwift;
			productReference = 01CBF50C271621A50038B1BD /* LearningRxSwift.app */;
			productType = "com.apple.product-type.application";
		};
/* End PBXNativeTarget section */

/* Begin PBXProject section */
		01CBF504271621A50038B1BD /* Project object */ = {
			isa = PBXProject;
			attributes = {
				LastSwiftUpdateCheck = 1120;
				LastUpgradeCheck = 1120;
				ORGANIZATIONNAME = AhmedKassem;
				TargetAttributes = {
					01CBF50B271621A50038B1BD = {
						CreatedOnToolsVersion = 11.2.1;
					};
				};
			};
			buildConfigurationList = 01CBF507271621A50038B1BD /* Build configuration list for PBXProject "LearningRxSwift" */;
			compatibilityVersion = "Xcode 9.3";
			developmentRegion = en;
			hasScannedForEncodings = 0;
			knownRegions = (
				en,
				Base,
			);
			mainGroup = 01CBF503271621A50038B1BD;
			productRefGroup = 01CBF50D271621A50038B1BD /* Products */;
			projectDirPath = "";
			projectRoot = "";
			targets = (
				01CBF50B271621A50038B1BD /* LearningRxSwift */,
			);
		};
/* End PBXProject section */

/* Begin PBXResourcesBuildPhase section */
		01CBF50A271621A50038B1BD /* Resources */ = {
			isa = PBXResourcesBuildPhase;
			buildActionMask = 2147483647;
			files = (
				01CBF51C271621A80038B1BD /* LaunchScreen.storyboard in Resources */,
				01EDD04F271766DA00F41894 /* FoodTableViewCell.xib in Resources */,
				01CBF519271621A80038B1BD /* Assets.xcassets in Resources */,
				01CBF517271621A50038B1BD /* Main.storyboard in Resources */,
			);
			runOnlyForDeploymentPostprocessing = 0;
		};
/* End PBXResourcesBuildPhase section */

/* Begin PBXShellScriptBuildPhase section */
		735248F84D3EB866BECB4A5D /* [CP] Embed Pods Frameworks */ = {
			isa = PBXShellScriptBuildPhase;
			buildActionMask = 2147483647;
			files = (
			);
			inputFileListPaths = (
				"${PODS_ROOT}/Target Support Files/Pods-LearningRxSwift/Pods-LearningRxSwift-frameworks-${CONFIGURATION}-input-files.xcfilelist",
			);
			name = "[CP] Embed Pods Frameworks";
			outputFileListPaths = (
				"${PODS_ROOT}/Target Support Files/Pods-LearningRxSwift/Pods-LearningRxSwift-frameworks-${CONFIGURATION}-output-files.xcfilelist",
			);
			runOnlyForDeploymentPostprocessing = 0;
			shellPath = /bin/sh;
			shellScript = "\"${PODS_ROOT}/Target Support Files/Pods-LearningRxSwift/Pods-LearningRxSwift-frameworks.sh\"\n";
			showEnvVarsInLog = 0;
		};
		B7AD23887C67FAB793053904 /* [CP] Check Pods Manifest.lock */ = {
			isa = PBXShellScriptBuildPhase;
			buildActionMask = 2147483647;
			files = (
			);
			inputFileListPaths = (
			);
			inputPaths = (
				"${PODS_PODFILE_DIR_PATH}/Podfile.lock",
				"${PODS_ROOT}/Manifest.lock",
			);
			name = "[CP] Check Pods Manifest.lock";
			outputFileListPaths = (
			);
			outputPaths = (
				"$(DERIVED_FILE_DIR)/Pods-LearningRxSwift-checkManifestLockResult.txt",
			);
			runOnlyForDeploymentPostprocessing = 0;
			shellPath = /bin/sh;
			shellScript = "diff \"${PODS_PODFILE_DIR_PATH}/Podfile.lock\" \"${PODS_ROOT}/Manifest.lock\" > /dev/null\nif [ $? != 0 ] ; then\n    # print error to STDERR\n    echo \"error: The sandbox is not in sync with the Podfile.lock. Run 'pod install' or update your CocoaPods installation.\" >&2\n    exit 1\nfi\n# This output is used by Xcode 'outputs' to avoid re-running this script phase.\necho \"SUCCESS\" > \"${SCRIPT_OUTPUT_FILE_0}\"\n";
			showEnvVarsInLog = 0;
		};
/* End PBXShellScriptBuildPhase section */

/* Begin PBXSourcesBuildPhase section */
		01CBF508271621A50038B1BD /* Sources */ = {
			isa = PBXSourcesBuildPhase;
			buildActionMask = 2147483647;
			files = (
				01CBF514271621A50038B1BD /* ViewController.swift in Sources */,
				01EDD04A271764FD00F41894 /* Food.swift in Sources */,
				01EDD04E271766DA00F41894 /* FoodTableViewCell.swift in Sources */,
				01EDD05127176BBD00F41894 /* FoodDetailsVC.swift in Sources */,
				01CBF510271621A50038B1BD /* AppDelegate.swift in Sources */,
				01CBF512271621A50038B1BD /* SceneDelegate.swift in Sources */,
			);
			runOnlyForDeploymentPostprocessing = 0;
		};
/* End PBXSourcesBuildPhase section */

/* Begin PBXVariantGroup section */
		01CBF515271621A50038B1BD /* Main.storyboard */ = {
			isa = PBXVariantGroup;
			children = (
				01CBF516271621A50038B1BD /* Base */,
			);
			name = Main.storyboard;
			sourceTree = "<group>";
		};
		01CBF51A271621A80038B1BD /* LaunchScreen.storyboard */ = {
			isa = PBXVariantGroup;
			children = (
				01CBF51B271621A80038B1BD /* Base */,
			);
			name = LaunchScreen.storyboard;
			sourceTree = "<group>";
		};
/* End PBXVariantGroup section */

/* Begin XCBuildConfiguration section */
		01CBF51E271621A80038B1BD /* Debug */ = {
			isa = XCBuildConfiguration;
			buildSettings = {
				ALWAYS_SEARCH_USER_PATHS = NO;
				CLANG_ANALYZER_NONNULL = YES;
				CLANG_ANALYZER_NUMBER_OBJECT_CONVERSION = YES_AGGRESSIVE;
				CLANG_CXX_LANGUAGE_STANDARD = "gnu++14";
				CLANG_CXX_LIBRARY = "libc++";
				CLANG_ENABLE_MODULES = YES;
				CLANG_ENABLE_OBJC_ARC = YES;
				CLANG_ENABLE_OBJC_WEAK = YES;
				CLANG_WARN_BLOCK_CAPTURE_AUTORELEASING = YES;
				CLANG_WARN_BOOL_CONVERSION = YES;
				CLANG_WARN_COMMA = YES;
				CLANG_WARN_CONSTANT_CONVERSION = YES;
				CLANG_WARN_DEPRECATED_OBJC_IMPLEMENTATIONS = YES;
				CLANG_WARN_DIRECT_OBJC_ISA_USAGE = YES_ERROR;
				CLANG_WARN_DOCUMENTATION_COMMENTS = YES;
				CLANG_WARN_EMPTY_BODY = YES;
				CLANG_WARN_ENUM_CONVERSION = YES;
				CLANG_WARN_INFINITE_RECURSION = YES;
				CLANG_WARN_INT_CONVERSION = YES;
				CLANG_WARN_NON_LITERAL_NULL_CONVERSION = YES;
				CLANG_WARN_OBJC_IMPLICIT_RETAIN_SELF = YES;
				CLANG_WARN_OBJC_LITERAL_CONVERSION = YES;
				CLANG_WARN_OBJC_ROOT_CLASS = YES_ERROR;
				CLANG_WARN_RANGE_LOOP_ANALYSIS = YES;
				CLANG_WARN_STRICT_PROTOTYPES = YES;
				CLANG_WARN_SUSPICIOUS_MOVE = YES;
				CLANG_WARN_UNGUARDED_AVAILABILITY = YES_AGGRESSIVE;
				CLANG_WARN_UNREACHABLE_CODE = YES;
				CLANG_WARN__DUPLICATE_METHOD_MATCH = YES;
				COPY_PHASE_STRIP = NO;
				DEBUG_INFORMATION_FORMAT = dwarf;
				ENABLE_STRICT_OBJC_MSGSEND = YES;
				ENABLE_TESTABILITY = YES;
				GCC_C_LANGUAGE_STANDARD = gnu11;
				GCC_DYNAMIC_NO_PIC = NO;
				GCC_NO_COMMON_BLOCKS = YES;
				GCC_OPTIMIZATION_LEVEL = 0;
				GCC_PREPROCESSOR_DEFINITIONS = (
					"DEBUG=1",
					"$(inherited)",
				);
				GCC_WARN_64_TO_32_BIT_CONVERSION = YES;
				GCC_WARN_ABOUT_RETURN_TYPE = YES_ERROR;
				GCC_WARN_UNDECLARED_SELECTOR = YES;
				GCC_WARN_UNINITIALIZED_AUTOS = YES_AGGRESSIVE;
				GCC_WARN_UNUSED_FUNCTION = YES;
				GCC_WARN_UNUSED_VARIABLE = YES;
				IPHONEOS_DEPLOYMENT_TARGET = 13.2;
				MTL_ENABLE_DEBUG_INFO = INCLUDE_SOURCE;
				MTL_FAST_MATH = YES;
				ONLY_ACTIVE_ARCH = YES;
				SDKROOT = iphoneos;
				SWIFT_ACTIVE_COMPILATION_CONDITIONS = DEBUG;
				SWIFT_OPTIMIZATION_LEVEL = "-Onone";
			};
			name = Debug;
		};
		01CBF51F271621A80038B1BD /* Release */ = {
			isa = XCBuildConfiguration;
			buildSettings = {
				ALWAYS_SEARCH_USER_PATHS = NO;
				CLANG_ANALYZER_NONNULL = YES;
				CLANG_ANALYZER_NUMBER_OBJECT_CONVERSION = YES_AGGRESSIVE;
				CLANG_CXX_LANGUAGE_STANDARD = "gnu++14";
				CLANG_CXX_LIBRARY = "libc++";
				CLANG_ENABLE_MODULES = YES;
				CLANG_ENABLE_OBJC_ARC = YES;
				CLANG_ENABLE_OBJC_WEAK = YES;
				CLANG_WARN_BLOCK_CAPTURE_AUTORELEASING = YES;
				CLANG_WARN_BOOL_CONVERSION = YES;
				CLANG_WARN_COMMA = YES;
				CLANG_WARN_CONSTANT_CONVERSION = YES;
				CLANG_WARN_DEPRECATED_OBJC_IMPLEMENTATIONS = YES;
				CLANG_WARN_DIRECT_OBJC_ISA_USAGE = YES_ERROR;
				CLANG_WARN_DOCUMENTATION_COMMENTS = YES;
				CLANG_WARN_EMPTY_BODY = YES;
				CLANG_WARN_ENUM_CONVERSION = YES;
				CLANG_WARN_INFINITE_RECURSION = YES;
				CLANG_WARN_INT_CONVERSION = YES;
				CLANG_WARN_NON_LITERAL_NULL_CONVERSION = YES;
				CLANG_WARN_OBJC_IMPLICIT_RETAIN_SELF = YES;
				CLANG_WARN_OBJC_LITERAL_CONVERSION = YES;
				CLANG_WARN_OBJC_ROOT_CLASS = YES_ERROR;
				CLANG_WARN_RANGE_LOOP_ANALYSIS = YES;
				CLANG_WARN_STRICT_PROTOTYPES = YES;
				CLANG_WARN_SUSPICIOUS_MOVE = YES;
				CLANG_WARN_UNGUARDED_AVAILABILITY = YES_AGGRESSIVE;
				CLANG_WARN_UNREACHABLE_CODE = YES;
				CLANG_WARN__DUPLICATE_METHOD_MATCH = YES;
				COPY_PHASE_STRIP = NO;
				DEBUG_INFORMATION_FORMAT = "dwarf-with-dsym";
				ENABLE_NS_ASSERTIONS = NO;
				ENABLE_STRICT_OBJC_MSGSEND = YES;
				GCC_C_LANGUAGE_STANDARD = gnu11;
				GCC_NO_COMMON_BLOCKS = YES;
				GCC_WARN_64_TO_32_BIT_CONVERSION = YES;
				GCC_WARN_ABOUT_RETURN_TYPE = YES_ERROR;
				GCC_WARN_UNDECLARED_SELECTOR = YES;
				GCC_WARN_UNINITIALIZED_AUTOS = YES_AGGRESSIVE;
				GCC_WARN_UNUSED_FUNCTION = YES;
				GCC_WARN_UNUSED_VARIABLE = YES;
				IPHONEOS_DEPLOYMENT_TARGET = 13.2;
				MTL_ENABLE_DEBUG_INFO = NO;
				MTL_FAST_MATH = YES;
				SDKROOT = iphoneos;
				SWIFT_COMPILATION_MODE = wholemodule;
				SWIFT_OPTIMIZATION_LEVEL = "-O";
				VALIDATE_PRODUCT = YES;
			};
			name = Release;
		};
		01CBF521271621A80038B1BD /* Debug */ = {
			isa = XCBuildConfiguration;
			baseConfigurationReference = 08D2DC8E053E8E77520BAB9F /* Pods-LearningRxSwift.debug.xcconfig */;
			buildSettings = {
				ASSETCATALOG_COMPILER_APPICON_NAME = AppIcon;
				CODE_SIGN_STYLE = Automatic;
				INFOPLIST_FILE = LearningRxSwift/Info.plist;
				LD_RUNPATH_SEARCH_PATHS = (
					"$(inherited)",
					"@executable_path/Frameworks",
				);
				PRODUCT_BUNDLE_IDENTIFIER = "com.-AhmedKassem.LearningRxSwift";
				PRODUCT_NAME = "$(TARGET_NAME)";
				SWIFT_VERSION = 5.0;
				TARGETED_DEVICE_FAMILY = "1,2";
			};
			name = Debug;
		};
		01CBF522271621A80038B1BD /* Release */ = {
			isa = XCBuildConfiguration;
			baseConfigurationReference = 27551034F1E3017F08B5CA03 /* Pods-LearningRxSwift.release.xcconfig */;
			buildSettings = {
				ASSETCATALOG_COMPILER_APPICON_NAME = AppIcon;
				CODE_SIGN_STYLE = Automatic;
				INFOPLIST_FILE = LearningRxSwift/Info.plist;
				LD_RUNPATH_SEARCH_PATHS = (
					"$(inherited)",
					"@executable_path/Frameworks",
				);
				PRODUCT_BUNDLE_IDENTIFIER = "com.-AhmedKassem.LearningRxSwift";
				PRODUCT_NAME = "$(TARGET_NAME)";
				SWIFT_VERSION = 5.0;
				TARGETED_DEVICE_FAMILY = "1,2";
			};
			name = Release;
		};
/* End XCBuildConfiguration section */

/* Begin XCConfigurationList section */
		01CBF507271621A50038B1BD /* Build configuration list for PBXProject "LearningRxSwift" */ = {
			isa = XCConfigurationList;
			buildConfigurations = (
				01CBF51E271621A80038B1BD /* Debug */,
				01CBF51F271621A80038B1BD /* Release */,
			);
			defaultConfigurationIsVisible = 0;
			defaultConfigurationName = Release;
		};
		01CBF520271621A80038B1BD /* Build configuration list for PBXNativeTarget "LearningRxSwift" */ = {
			isa = XCConfigurationList;
			buildConfigurations = (
				01CBF521271621A80038B1BD /* Debug */,
				01CBF522271621A80038B1BD /* Release */,
			);
			defaultConfigurationIsVisible = 0;
			defaultConfigurationName = Release;
		};
/* End XCConfigurationList section */
	};
	rootObject = 01CBF504271621A50038B1BD /* Project object */;
}
